
Microsoft Visual Studio Solution File, Format Version 12.00
# Visual Studio 15
VisualStudioVersion = 15.0.27130.2020
MinimumVisualStudioVersion = 10.0.40219.1
Project("{FAE04EC0-301F-11D3-BF4B-00C04F79EFBC}") = "TaikoSheetViewer", "TaikoSheetViewer\TaikoSheetViewer.csproj", "{D03E004F-15AF-456E-99B4-E4B2DA962CE6}"
EndProject
Global
	GlobalSection(SolutionConfigurationPlatforms) = preSolution
		Debug|Any CPU = Debug|Any CPU
		Release|Any CPU = Release|Any CPU
	EndGlobalSection
	GlobalSection(ProjectConfigurationPlatforms) = postSolution
		{D03E004F-15AF-456E-99B4-E4B2DA962CE6}.Debug|Any CPU.ActiveCfg = Debug|Any CPU
		{D03E004F-15AF-456E-99B4-E4B2DA962CE6}.Debug|Any CPU.Build.0 = Debug|Any CPU
		{D03E004F-15AF-456E-99B4-E4B2DA962CE6}.Release|Any CPU.ActiveCfg = Release|Any CPU
		{D03E004F-15AF-456E-99B4-E4B2DA962CE6}.Release|Any CPU.Build.0 = Release|Any CPU
	EndGlobalSection
	GlobalSection(SolutionProperties) = preSolution
		HideSolutionNode = FALSE
	EndGlobalSection
	GlobalSection(ExtensibilityGlobals) = postSolution
		SolutionGuid = {D06AC6F7-9FFF-4246-89AE-F999BB31AAB3}
	EndGlobalSection
EndGlobal
